// !$*UTF8*$!
{
	archiveVersion = 1;
	classes = {
	};
	objectVersion = 46;
	objects = {

/* Begin PBXBuildFile section */
		55FE26DC1DE5F14D006059EA /* main.m in Sources */ = {isa = PBXBuildFile; fileRef = 55FE26DB1DE5F14D006059EA /* main.m */; };
		55FE26DF1DE5F14D006059EA /* AppDelegate.m in Sources */ = {isa = PBXBuildFile; fileRef = 55FE26DE1DE5F14D006059EA /* AppDelegate.m */; };
		55FE26E21DE5F14D006059EA /* ViewController.m in Sources */ = {isa = PBXBuildFile; fileRef = 55FE26E11DE5F14D006059EA /* ViewController.m */; };
		55FE26E51DE5F14D006059EA /* Main.storyboard in Resources */ = {isa = PBXBuildFile; fileRef = 55FE26E31DE5F14D006059EA /* Main.storyboard */; };
		55FE26E81DE5F14D006059EA /* RechercheHtml.xcdatamodeld in Sources */ = {isa = PBXBuildFile; fileRef = 55FE26E61DE5F14D006059EA /* RechercheHtml.xcdatamodeld */; };
		55FE26EA1DE5F14D006059EA /* Assets.xcassets in Resources */ = {isa = PBXBuildFile; fileRef = 55FE26E91DE5F14D006059EA /* Assets.xcassets */; };
		55FE26ED1DE5F14D006059EA /* LaunchScreen.storyboard in Resources */ = {isa = PBXBuildFile; fileRef = 55FE26EB1DE5F14D006059EA /* LaunchScreen.storyboard */; };
		55FE26F81DE5F14D006059EA /* RechercheHtmlTests.m in Sources */ = {isa = PBXBuildFile; fileRef = 55FE26F71DE5F14D006059EA /* RechercheHtmlTests.m */; };
		55FE27031DE5F14D006059EA /* RechercheHtmlUITests.m in Sources */ = {isa = PBXBuildFile; fileRef = 55FE27021DE5F14D006059EA /* RechercheHtmlUITests.m */; };
		55FE27111DE5FA13006059EA /* WebViewController.m in Sources */ = {isa = PBXBuildFile; fileRef = 55FE27101DE5FA13006059EA /* WebViewController.m */; };
/* End PBXBuildFile section */

/* Begin PBXContainerItemProxy section */
		55FE26F41DE5F14D006059EA /* PBXContainerItemProxy */ = {
			isa = PBXContainerItemProxy;
			containerPortal = 55FE26CF1DE5F14D006059EA /* Project object */;
			proxyType = 1;
			remoteGlobalIDString = 55FE26D61DE5F14D006059EA;
			remoteInfo = RechercheHtml;
		};
		55FE26FF1DE5F14D006059EA /* PBXContainerItemProxy */ = {
			isa = PBXContainerItemProxy;
			containerPortal = 55FE26CF1DE5F14D006059EA /* Project object */;
			proxyType = 1;
			remoteGlobalIDString = 55FE26D61DE5F14D006059EA;
			remoteInfo = RechercheHtml;
		};
/* End PBXContainerItemProxy section */

/* Begin PBXFileReference section */
		55FE26D71DE5F14D006059EA /* RechercheHtml.app */ = {isa = PBXFileReference; explicitFileType = wrapper.application; includeInIndex = 0; path = RechercheHtml.app; sourceTree = BUILT_PRODUCTS_DIR; };
		55FE26DB1DE5F14D006059EA /* main.m */ = {isa = PBXFileReference; lastKnownFileType = sourcecode.c.objc; path = main.m; sourceTree = "<group>"; };
		55FE26DD1DE5F14D006059EA /* AppDelegate.h */ = {isa = PBXFileReference; lastKnownFileType = sourcecode.c.h; path = AppDelegate.h; sourceTree = "<group>"; };
		55FE26DE1DE5F14D006059EA /* AppDelegate.m */ = {isa = PBXFileReference; lastKnownFileType = sourcecode.c.objc; path = AppDelegate.m; sourceTree = "<group>"; };
		55FE26E01DE5F14D006059EA /* ViewController.h */ = {isa = PBXFileReference; lastKnownFileType = sourcecode.c.h; path = ViewController.h; sourceTree = "<group>"; };
		55FE26E11DE5F14D006059EA /* ViewController.m */ = {isa = PBXFileReference; lastKnownFileType = sourcecode.c.objc; path = ViewController.m; sourceTree = "<group>"; };
		55FE26E41DE5F14D006059EA /* Base */ = {isa = PBXFileReference; lastKnownFileType = file.storyboard; name = Base; path = Base.lproj/Main.storyboard; sourceTree = "<group>"; };
		55FE26E71DE5F14D006059EA /* RechercheHtml.xcdatamodel */ = {isa = PBXFileReference; lastKnownFileType = wrapper.xcdatamodel; path = RechercheHtml.xcdatamodel; sourceTree = "<group>"; };
		55FE26E91DE5F14D006059EA /* Assets.xcassets */ = {isa = PBXFileReference; lastKnownFileType = folder.assetcatalog; path = Assets.xcassets; sourceTree = "<group>"; };
		55FE26EC1DE5F14D006059EA /* Base */ = {isa = PBXFileReference; lastKnownFileType = file.storyboard; name = Base; path = Base.lproj/LaunchScreen.storyboard; sourceTree = "<group>"; };
		55FE26EE1DE5F14D006059EA /* Info.plist */ = {isa = PBXFileReference; lastKnownFileType = text.plist.xml; path = Info.plist; sourceTree = "<group>"; };
		55FE26F31DE5F14D006059EA /* RechercheHtmlTests.xctest */ = {isa = PBXFileReference; explicitFileType = wrapper.cfbundle; includeInIndex = 0; path = RechercheHtmlTests.xctest; sourceTree = BUILT_PRODUCTS_DIR; };
		55FE26F71DE5F14D006059EA /* RechercheHtmlTests.m */ = {isa = PBXFileReference; lastKnownFileType = sourcecode.c.objc; path = RechercheHtmlTests.m; sourceTree = "<group>"; };
		55FE26F91DE5F14D006059EA /* Info.plist */ = {isa = PBXFileReference; lastKnownFileType = text.plist.xml; path = Info.plist; sourceTree = "<group>"; };
		55FE26FE1DE5F14D006059EA /* RechercheHtmlUITests.xctest */ = {isa = PBXFileReference; explicitFileType = wrapper.cfbundle; includeInIndex = 0; path = RechercheHtmlUITests.xctest; sourceTree = BUILT_PRODUCTS_DIR; };
		55FE27021DE5F14D006059EA /* RechercheHtmlUITests.m */ = {isa = PBXFileReference; lastKnownFileType = sourcecode.c.objc; path = RechercheHtmlUITests.m; sourceTree = "<group>"; };
		55FE27041DE5F14D006059EA /* Info.plist */ = {isa = PBXFileReference; lastKnownFileType = text.plist.xml; path = Info.plist; sourceTree = "<group>"; };
		55FE27101DE5FA13006059EA /* WebViewController.m */ = {isa = PBXFileReference; fileEncoding = 4; lastKnownFileType = sourcecode.c.objc; path = WebViewController.m; sourceTree = "<group>"; };
		55FE27121DE5FA40006059EA /* WebViewController.h */ = {isa = PBXFileReference; lastKnownFileType = sourcecode.c.h; path = WebViewController.h; sourceTree = "<group>"; };
/* End PBXFileReference section */

/* Begin PBXFrameworksBuildPhase section */
		55FE26D41DE5F14D006059EA /* Frameworks */ = {
			isa = PBXFrameworksBuildPhase;
			buildActionMask = 2147483647;
			files = (
			);
			runOnlyForDeploymentPostprocessing = 0;
		};
		55FE26F01DE5F14D006059EA /* Frameworks */ = {
			isa = PBXFrameworksBuildPhase;
			buildActionMask = 2147483647;
			files = (
			);
			runOnlyForDeploymentPostprocessing = 0;
		};
		55FE26FB1DE5F14D006059EA /* Frameworks */ = {
			isa = PBXFrameworksBuildPhase;
			buildActionMask = 2147483647;
			files = (
			);
			runOnlyForDeploymentPostprocessing = 0;
		};
/* End PBXFrameworksBuildPhase section */

/* Begin PBXGroup section */
		55FE26CE1DE5F14D006059EA = {
			isa = PBXGroup;
			children = (
				55FE26D91DE5F14D006059EA /* RechercheHtml */,
				55FE26F61DE5F14D006059EA /* RechercheHtmlTests */,
				55FE27011DE5F14D006059EA /* RechercheHtmlUITests */,
				55FE26D81DE5F14D006059EA /* Products */,
			);
			sourceTree = "<group>";
		};
		55FE26D81DE5F14D006059EA /* Products */ = {
			isa = PBXGroup;
			children = (
				55FE26D71DE5F14D006059EA /* RechercheHtml.app */,
				55FE26F31DE5F14D006059EA /* RechercheHtmlTests.xctest */,
				55FE26FE1DE5F14D006059EA /* RechercheHtmlUITests.xctest */,
			);
			name = Products;
			sourceTree = "<group>";
		};
		55FE26D91DE5F14D006059EA /* RechercheHtml */ = {
			isa = PBXGroup;
			children = (
				55FE26DD1DE5F14D006059EA /* AppDelegate.h */,
				55FE26DE1DE5F14D006059EA /* AppDelegate.m */,
				55FE26E01DE5F14D006059EA /* ViewController.h */,
				55FE26E11DE5F14D006059EA /* ViewController.m */,
				55FE27101DE5FA13006059EA /* WebViewController.m */,
				55FE27121DE5FA40006059EA /* WebViewController.h */,
				55FE26E31DE5F14D006059EA /* Main.storyboard */,
				55FE26E91DE5F14D006059EA /* Assets.xcassets */,
				55FE26EB1DE5F14D006059EA /* LaunchScreen.storyboard */,
				55FE26EE1DE5F14D006059EA /* Info.plist */,
				55FE26E61DE5F14D006059EA /* RechercheHtml.xcdatamodeld */,
				55FE26DA1DE5F14D006059EA /* Supporting Files */,
			);
			path = RechercheHtml;
			sourceTree = "<group>";
		};
		55FE26DA1DE5F14D006059EA /* Supporting Files */ = {
			isa = PBXGroup;
			children = (
				55FE26DB1DE5F14D006059EA /* main.m */,
			);
			name = "Supporting Files";
			sourceTree = "<group>";
		};
		55FE26F61DE5F14D006059EA /* RechercheHtmlTests */ = {
			isa = PBXGroup;
			children = (
				55FE26F71DE5F14D006059EA /* RechercheHtmlTests.m */,
				55FE26F91DE5F14D006059EA /* Info.plist */,
			);
			path = RechercheHtmlTests;
			sourceTree = "<group>";
		};
		55FE27011DE5F14D006059EA /* RechercheHtmlUITests */ = {
			isa = PBXGroup;
			children = (
				55FE27021DE5F14D006059EA /* RechercheHtmlUITests.m */,
				55FE27041DE5F14D006059EA /* Info.plist */,
			);
			path = RechercheHtmlUITests;
			sourceTree = "<group>";
		};
/* End PBXGroup section */

/* Begin PBXNativeTarget section */
		55FE26D61DE5F14D006059EA /* RechercheHtml */ = {
			isa = PBXNativeTarget;
			buildConfigurationList = 55FE27071DE5F14D006059EA /* Build configuration list for PBXNativeTarget "RechercheHtml" */;
			buildPhases = (
				55FE26D31DE5F14D006059EA /* Sources */,
				55FE26D41DE5F14D006059EA /* Frameworks */,
				55FE26D51DE5F14D006059EA /* Resources */,
			);
			buildRules = (
			);
			dependencies = (
			);
			name = RechercheHtml;
			productName = RechercheHtml;
			productReference = 55FE26D71DE5F14D006059EA /* RechercheHtml.app */;
			productType = "com.apple.product-type.application";
		};
		55FE26F21DE5F14D006059EA /* RechercheHtmlTests */ = {
			isa = PBXNativeTarget;
			buildConfigurationList = 55FE270A1DE5F14D006059EA /* Build configuration list for PBXNativeTarget "RechercheHtmlTests" */;
			buildPhases = (
				55FE26EF1DE5F14D006059EA /* Sources */,
				55FE26F01DE5F14D006059EA /* Frameworks */,
				55FE26F11DE5F14D006059EA /* Resources */,
			);
			buildRules = (
			);
			dependencies = (
				55FE26F51DE5F14D006059EA /* PBXTargetDependency */,
			);
			name = RechercheHtmlTests;
			productName = RechercheHtmlTests;
			productReference = 55FE26F31DE5F14D006059EA /* RechercheHtmlTests.xctest */;
			productType = "com.apple.product-type.bundle.unit-test";
		};
		55FE26FD1DE5F14D006059EA /* RechercheHtmlUITests */ = {
			isa = PBXNativeTarget;
			buildConfigurationList = 55FE270D1DE5F14D006059EA /* Build configuration list for PBXNativeTarget "RechercheHtmlUITests" */;
			buildPhases = (
				55FE26FA1DE5F14D006059EA /* Sources */,
				55FE26FB1DE5F14D006059EA /* Frameworks */,
				55FE26FC1DE5F14D006059EA /* Resources */,
			);
			buildRules = (
			);
			dependencies = (
				55FE27001DE5F14D006059EA /* PBXTargetDependency */,
			);
			name = RechercheHtmlUITests;
			productName = RechercheHtmlUITests;
			productReference = 55FE26FE1DE5F14D006059EA /* RechercheHtmlUITests.xctest */;
			productType = "com.apple.product-type.bundle.ui-testing";
		};
/* End PBXNativeTarget section */

/* Begin PBXProject section */
		55FE26CF1DE5F14D006059EA /* Project object */ = {
			isa = PBXProject;
			attributes = {
				LastUpgradeCheck = 0810;
				ORGANIZATIONNAME = "William MERLE-MARTY";
				TargetAttributes = {
					55FE26D61DE5F14D006059EA = {
						CreatedOnToolsVersion = 8.1;
						DevelopmentTeam = 4BEJCVN7UA;
						ProvisioningStyle = Automatic;
					};
					55FE26F21DE5F14D006059EA = {
						CreatedOnToolsVersion = 8.1;
						DevelopmentTeam = 4BEJCVN7UA;
						ProvisioningStyle = Automatic;
						TestTargetID = 55FE26D61DE5F14D006059EA;
					};
					55FE26FD1DE5F14D006059EA = {
						CreatedOnToolsVersion = 8.1;
						DevelopmentTeam = 4BEJCVN7UA;
						ProvisioningStyle = Automatic;
						TestTargetID = 55FE26D61DE5F14D006059EA;
					};
				};
			};
			buildConfigurationList = 55FE26D21DE5F14D006059EA /* Build configuration list for PBXProject "RechercheHtml" */;
			compatibilityVersion = "Xcode 3.2";
			developmentRegion = English;
			hasScannedForEncodings = 0;
			knownRegions = (
				en,
				Base,
			);
			mainGroup = 55FE26CE1DE5F14D006059EA;
			productRefGroup = 55FE26D81DE5F14D006059EA /* Products */;
			projectDirPath = "";
			projectRoot = "";
			targets = (
				55FE26D61DE5F14D006059EA /* RechercheHtml */,
				55FE26F21DE5F14D006059EA /* RechercheHtmlTests */,
				55FE26FD1DE5F14D006059EA /* RechercheHtmlUITests */,
			);
		};
/* End PBXProject section */

/* Begin PBXResourcesBuildPhase section */
		55FE26D51DE5F14D006059EA /* Resources */ = {
			isa = PBXResourcesBuildPhase;
			buildActionMask = 2147483647;
			files = (
				55FE26ED1DE5F14D006059EA /* LaunchScreen.storyboard in Resources */,
				55FE26EA1DE5F14D006059EA /* Assets.xcassets in Resources */,
				55FE26E51DE5F14D006059EA /* Main.storyboard in Resources */,
			);
			runOnlyForDeploymentPostprocessing = 0;
		};
		55FE26F11DE5F14D006059EA /* Resources */ = {
			isa = PBXResourcesBuildPhase;
			buildActionMask = 2147483647;
			files = (
			);
			runOnlyForDeploymentPostprocessing = 0;
		};
		55FE26FC1DE5F14D006059EA /* Resources */ = {
			isa = PBXResourcesBuildPhase;
			buildActionMask = 2147483647;
			files = (
			);
			runOnlyForDeploymentPostprocessing = 0;
		};
/* End PBXResourcesBuildPhase section */

/* Begin PBXSourcesBuildPhase section */
		55FE26D31DE5F14D006059EA /* Sources */ = {
			isa = PBXSourcesBuildPhase;
			buildActionMask = 2147483647;
			files = (
				55FE26E81DE5F14D006059EA /* RechercheHtml.xcdatamodeld in Sources */,
				55FE27111DE5FA13006059EA /* WebViewController.m in Sources */,
				55FE26E21DE5F14D006059EA /* ViewController.m in Sources */,
				55FE26DF1DE5F14D006059EA /* AppDelegate.m in Sources */,
				55FE26DC1DE5F14D006059EA /* main.m in Sources */,
			);
			runOnlyForDeploymentPostprocessing = 0;
		};
		55FE26EF1DE5F14D006059EA /* Sources */ = {
			isa = PBXSourcesBuildPhase;
			buildActionMask = 2147483647;
			files = (
				55FE26F81DE5F14D006059EA /* RechercheHtmlTests.m in Sources */,
			);
			runOnlyForDeploymentPostprocessing = 0;
		};
		55FE26FA1DE5F14D006059EA /* Sources */ = {
			isa = PBXSourcesBuildPhase;
			buildActionMask = 2147483647;
			files = (
				55FE27031DE5F14D006059EA /* RechercheHtmlUITests.m in Sources */,
			);
			runOnlyForDeploymentPostprocessing = 0;
		};
/* End PBXSourcesBuildPhase section */

/* Begin PBXTargetDependency section */
		55FE26F51DE5F14D006059EA /* PBXTargetDependency */ = {
			isa = PBXTargetDependency;
			target = 55FE26D61DE5F14D006059EA /* RechercheHtml */;
			targetProxy = 55FE26F41DE5F14D006059EA /* PBXContainerItemProxy */;
		};
		55FE27001DE5F14D006059EA /* PBXTargetDependency */ = {
			isa = PBXTargetDependency;
			target = 55FE26D61DE5F14D006059EA /* RechercheHtml */;
			targetProxy = 55FE26FF1DE5F14D006059EA /* PBXContainerItemProxy */;
		};
/* End PBXTargetDependency section */

/* Begin PBXVariantGroup section */
		55FE26E31DE5F14D006059EA /* Main.storyboard */ = {
			isa = PBXVariantGroup;
			children = (
				55FE26E41DE5F14D006059EA /* Base */,
			);
			name = Main.storyboard;
			sourceTree = "<group>";
		};
		55FE26EB1DE5F14D006059EA /* LaunchScreen.storyboard */ = {
			isa = PBXVariantGroup;
			children = (
				55FE26EC1DE5F14D006059EA /* Base */,
			);
			name = LaunchScreen.storyboard;
			sourceTree = "<group>";
		};
/* End PBXVariantGroup section */

/* Begin XCBuildConfiguration section */
		55FE27051DE5F14D006059EA /* Debug */ = {
			isa = XCBuildConfiguration;
			buildSettings = {
				ALWAYS_SEARCH_USER_PATHS = NO;
				CLANG_ANALYZER_NONNULL = YES;
				CLANG_CXX_LANGUAGE_STANDARD = "gnu++0x";
				CLANG_CXX_LIBRARY = "libc++";
				CLANG_ENABLE_MODULES = YES;
				CLANG_ENABLE_OBJC_ARC = YES;
				CLANG_WARN_BOOL_CONVERSION = YES;
				CLANG_WARN_CONSTANT_CONVERSION = YES;
				CLANG_WARN_DIRECT_OBJC_ISA_USAGE = YES_ERROR;
				CLANG_WARN_DOCUMENTATION_COMMENTS = YES;
				CLANG_WARN_EMPTY_BODY = YES;
				CLANG_WARN_ENUM_CONVERSION = YES;
				CLANG_WARN_INFINITE_RECURSION = YES;
				CLANG_WARN_INT_CONVERSION = YES;
				CLANG_WARN_OBJC_ROOT_CLASS = YES_ERROR;
				CLANG_WARN_SUSPICIOUS_MOVES = YES;
				CLANG_WARN_UNREACHABLE_CODE = YES;
				CLANG_WARN__DUPLICATE_METHOD_MATCH = YES;
				"CODE_SIGN_IDENTITY[sdk=iphoneos*]" = "iPhone Developer";
				COPY_PHASE_STRIP = NO;
				DEBUG_INFORMATION_FORMAT = dwarf;
				ENABLE_STRICT_OBJC_MSGSEND = YES;
				ENABLE_TESTABILITY = YES;
				GCC_C_LANGUAGE_STANDARD = gnu99;
				GCC_DYNAMIC_NO_PIC = NO;
				GCC_NO_COMMON_BLOCKS = YES;
				GCC_OPTIMIZATION_LEVEL = 0;
				GCC_PREPROCESSOR_DEFINITIONS = (
					"DEBUG=1",
					"$(inherited)",
				);
				GCC_WARN_64_TO_32_BIT_CONVERSION = YES;
				GCC_WARN_ABOUT_RETURN_TYPE = YES_ERROR;
				GCC_WARN_UNDECLARED_SELECTOR = YES;
				GCC_WARN_UNINITIALIZED_AUTOS = YES_AGGRESSIVE;
				GCC_WARN_UNUSED_FUNCTION = YES;
				GCC_WARN_UNUSED_VARIABLE = YES;
				IPHONEOS_DEPLOYMENT_TARGET = 10.1;
				MTL_ENABLE_DEBUG_INFO = YES;
				ONLY_ACTIVE_ARCH = YES;
				SDKROOT = iphoneos;
			};
			name = Debug;
		};
		55FE27061DE5F14D006059EA /* Release */ = {
			isa = XCBuildConfiguration;
			buildSettings = {
				ALWAYS_SEARCH_USER_PATHS = NO;
				CLANG_ANALYZER_NONNULL = YES;
				CLANG_CXX_LANGUAGE_STANDARD = "gnu++0x";
				CLANG_CXX_LIBRARY = "libc++";
				CLANG_ENABLE_MODULES = YES;
				CLANG_ENABLE_OBJC_ARC = YES;
				CLANG_WARN_BOOL_CONVERSION = YES;
				CLANG_WARN_CONSTANT_CONVERSION = YES;
				CLANG_WARN_DIRECT_OBJC_ISA_USAGE = YES_ERROR;
				CLANG_WARN_DOCUMENTATION_COMMENTS = YES;
				CLANG_WARN_EMPTY_BODY = YES;
				CLANG_WARN_ENUM_CONVERSION = YES;
				CLANG_WARN_INFINITE_RECURSION = YES;
				CLANG_WARN_INT_CONVERSION = YES;
				CLANG_WARN_OBJC_ROOT_CLASS = YES_ERROR;
				CLANG_WARN_SUSPICIOUS_MOVES = YES;
				CLANG_WARN_UNREACHABLE_CODE = YES;
				CLANG_WARN__DUPLICATE_METHOD_MATCH = YES;
				"CODE_SIGN_IDENTITY[sdk=iphoneos*]" = "iPhone Developer";
				COPY_PHASE_STRIP = NO;
				DEBUG_INFORMATION_FORMAT = "dwarf-with-dsym";
				ENABLE_NS_ASSERTIONS = NO;
				ENABLE_STRICT_OBJC_MSGSEND = YES;
				GCC_C_LANGUAGE_STANDARD = gnu99;
				GCC_NO_COMMON_BLOCKS = YES;
				GCC_WARN_64_TO_32_BIT_CONVERSION = YES;
				GCC_WARN_ABOUT_RETURN_TYPE = YES_ERROR;
				GCC_WARN_UNDECLARED_SELECTOR = YES;
				GCC_WARN_UNINITIALIZED_AUTOS = YES_AGGRESSIVE;
				GCC_WARN_UNUSED_FUNCTION = YES;
				GCC_WARN_UNUSED_VARIABLE = YES;
				IPHONEOS_DEPLOYMENT_TARGET = 10.1;
				MTL_ENABLE_DEBUG_INFO = NO;
				SDKROOT = iphoneos;
				VALIDATE_PRODUCT = YES;
			};
			name = Release;
		};
		55FE27081DE5F14D006059EA /* Debug */ = {
			isa = XCBuildConfiguration;
			buildSettings = {
				ASSETCATALOG_COMPILER_APPICON_NAME = AppIcon;
				DEVELOPMENT_TEAM = 4BEJCVN7UA;
				INFOPLIST_FILE = RechercheHtml/Info.plist;
				IPHONEOS_DEPLOYMENT_TARGET = 9.3;
				LD_RUNPATH_SEARCH_PATHS = "$(inherited) @executable_path/Frameworks";
				PRODUCT_BUNDLE_IDENTIFIER = "recherche-html.RechercheHtml";
				PRODUCT_NAME = "$(TARGET_NAME)";
			};
			name = Debug;
		};
		55FE27091DE5F14D006059EA /* Release */ = {
			isa = XCBuildConfiguration;
			buildSettings = {
				ASSETCATALOG_COMPILER_APPICON_NAME = AppIcon;
				DEVELOPMENT_TEAM = 4BEJCVN7UA;
				INFOPLIST_FILE = RechercheHtml/Info.plist;
				IPHONEOS_DEPLOYMENT_TARGET = 9.3;
				LD_RUNPATH_SEARCH_PATHS = "$(inherited) @executable_path/Frameworks";
				PRODUCT_BUNDLE_IDENTIFIER = "recherche-html.RechercheHtml";
				PRODUCT_NAME = "$(TARGET_NAME)";
			};
			name = Release;
		};
		55FE270B1DE5F14D006059EA /* Debug */ = {
			isa = XCBuildConfiguration;
			buildSettings = {
				BUNDLE_LOADER = "$(TEST_HOST)";
				DEVELOPMENT_TEAM = 4BEJCVN7UA;
				INFOPLIST_FILE = RechercheHtmlTests/Info.plist;
				LD_RUNPATH_SEARCH_PATHS = "$(inherited) @executable_path/Frameworks @loader_path/Frameworks";
				PRODUCT_BUNDLE_IDENTIFIER = "recherche-html.RechercheHtmlTests";
				PRODUCT_NAME = "$(TARGET_NAME)";
				TEST_HOST = "$(BUILT_PRODUCTS_DIR)/RechercheHtml.app/RechercheHtml";
			};
			name = Debug;
		};
		55FE270C1DE5F14D006059EA /* Release */ = {
			isa = XCBuildConfiguration;
			buildSettings = {
				BUNDLE_LOADER = "$(TEST_HOST)";
				DEVELOPMENT_TEAM = 4BEJCVN7UA;
				INFOPLIST_FILE = RechercheHtmlTests/Info.plist;
				LD_RUNPATH_SEARCH_PATHS = "$(inherited) @executable_path/Frameworks @loader_path/Frameworks";
				PRODUCT_BUNDLE_IDENTIFIER = "recherche-html.RechercheHtmlTests";
				PRODUCT_NAME = "$(TARGET_NAME)";
				TEST_HOST = "$(BUILT_PRODUCTS_DIR)/RechercheHtml.app/RechercheHtml";
			};
			name = Release;
		};
		55FE270E1DE5F14D006059EA /* Debug */ = {
			isa = XCBuildConfiguration;
			buildSettings = {
				DEVELOPMENT_TEAM = 4BEJCVN7UA;
				INFOPLIST_FILE = RechercheHtmlUITests/Info.plist;
				LD_RUNPATH_SEARCH_PATHS = "$(inherited) @executable_path/Frameworks @loader_path/Frameworks";
				PRODUCT_BUNDLE_IDENTIFIER = "recherche-html.RechercheHtmlUITests";
				PRODUCT_NAME = "$(TARGET_NAME)";
				TEST_TARGET_NAME = RechercheHtml;
			};
			name = Debug;
		};
		55FE270F1DE5F14D006059EA /* Release */ = {
			isa = XCBuildConfiguration;
			buildSettings = {
				DEVELOPMENT_TEAM = 4BEJCVN7UA;
				INFOPLIST_FILE = RechercheHtmlUITests/Info.plist;
				LD_RUNPATH_SEARCH_PATHS = "$(inherited) @executable_path/Frameworks @loader_path/Frameworks";
				PRODUCT_BUNDLE_IDENTIFIER = "recherche-html.RechercheHtmlUITests";
				PRODUCT_NAME = "$(TARGET_NAME)";
				TEST_TARGET_NAME = RechercheHtml;
			};
			name = Release;
		};
/* End XCBuildConfiguration section */

/* Begin XCConfigurationList section */
		55FE26D21DE5F14D006059EA /* Build configuration list for PBXProject "RechercheHtml" */ = {
			isa = XCConfigurationList;
			buildConfigurations = (
				55FE27051DE5F14D006059EA /* Debug */,
				55FE27061DE5F14D006059EA /* Release */,
			);
			defaultConfigurationIsVisible = 0;
			defaultConfigurationName = Release;
		};
		55FE27071DE5F14D006059EA /* Build configuration list for PBXNativeTarget "RechercheHtml" */ = {
			isa = XCConfigurationList;
			buildConfigurations = (
				55FE27081DE5F14D006059EA /* Debug */,
				55FE27091DE5F14D006059EA /* Release */,
			);
			defaultConfigurationIsVisible = 0;
			defaultConfigurationName = Release;
		};
		55FE270A1DE5F14D006059EA /* Build configuration list for PBXNativeTarget "RechercheHtmlTests" */ = {
			isa = XCConfigurationList;
			buildConfigurations = (
				55FE270B1DE5F14D006059EA /* Debug */,
				55FE270C1DE5F14D006059EA /* Release */,
			);
			defaultConfigurationIsVisible = 0;
			defaultConfigurationName = Release;
		};
		55FE270D1DE5F14D006059EA /* Build configuration list for PBXNativeTarget "RechercheHtmlUITests" */ = {
			isa = XCConfigurationList;
			buildConfigurations = (
				55FE270E1DE5F14D006059EA /* Debug */,
				55FE270F1DE5F14D006059EA /* Release */,
			);
			defaultConfigurationIsVisible = 0;
			defaultConfigurationName = Release;
		};
/* End XCConfigurationList section */

/* Begin XCVersionGroup section */
		55FE26E61DE5F14D006059EA /* RechercheHtml.xcdatamodeld */ = {
			isa = XCVersionGroup;
			children = (
				55FE26E71DE5F14D006059EA /* RechercheHtml.xcdatamodel */,
			);
			currentVersion = 55FE26E71DE5F14D006059EA /* RechercheHtml.xcdatamodel */;
			path = RechercheHtml.xcdatamodeld;
			sourceTree = "<group>";
			versionGroupType = wrapper.xcdatamodel;
		};
/* End XCVersionGroup section */
	};
	rootObject = 55FE26CF1DE5F14D006059EA /* Project object */;
}
